// !$*UTF8*$!
{
	archiveVersion = 1;
	classes = {
	};
	objectVersion = 50;
	objects = {

/* Begin PBXBuildFile section */
		2A38D3F42566BCD400432BED /* Barcode_ScannerApp.swift in Sources */ = {isa = PBXBuildFile; fileRef = 2A38D3F32566BCD400432BED /* Barcode_ScannerApp.swift */; };
		2A38D3F62566BCD400432BED /* BarcodeScannerView.swift in Sources */ = {isa = PBXBuildFile; fileRef = 2A38D3F52566BCD400432BED /* BarcodeScannerView.swift */; };
		2A38D3F82566BCD700432BED /* Assets.xcassets in Resources */ = {isa = PBXBuildFile; fileRef = 2A38D3F72566BCD700432BED /* Assets.xcassets */; };
		2A38D3FB2566BCD700432BED /* Preview Assets.xcassets in Resources */ = {isa = PBXBuildFile; fileRef = 2A38D3FA2566BCD700432BED /* Preview Assets.xcassets */; };
		2AAFEE062566C1C90047246E /* ScannerVC.swift in Sources */ = {isa = PBXBuildFile; fileRef = 2AAFEE052566C1C90047246E /* ScannerVC.swift */; };
		2AAFEE092566FE8B0047246E /* ScannerView.swift in Sources */ = {isa = PBXBuildFile; fileRef = 2AAFEE082566FE8B0047246E /* ScannerView.swift */; };
		2AAFEE0C256718360047246E /* Alert.swift in Sources */ = {isa = PBXBuildFile; fileRef = 2AAFEE0B256718360047246E /* Alert.swift */; };
		2AAFEE0F256718B30047246E /* BarcodeScannerViewModel.swift in Sources */ = {isa = PBXBuildFile; fileRef = 2AAFEE0E256718B30047246E /* BarcodeScannerViewModel.swift */; };
/* End PBXBuildFile section */

/* Begin PBXFileReference section */
		2A38D3F02566BCD400432BED /* Barcode-Scanner.app */ = {isa = PBXFileReference; explicitFileType = wrapper.application; includeInIndex = 0; path = "Barcode-Scanner.app"; sourceTree = BUILT_PRODUCTS_DIR; };
		2A38D3F32566BCD400432BED /* Barcode_ScannerApp.swift */ = {isa = PBXFileReference; lastKnownFileType = sourcecode.swift; path = Barcode_ScannerApp.swift; sourceTree = "<group>"; };
		2A38D3F52566BCD400432BED /* BarcodeScannerView.swift */ = {isa = PBXFileReference; lastKnownFileType = sourcecode.swift; path = BarcodeScannerView.swift; sourceTree = "<group>"; };
		2A38D3F72566BCD700432BED /* Assets.xcassets */ = {isa = PBXFileReference; lastKnownFileType = folder.assetcatalog; path = Assets.xcassets; sourceTree = "<group>"; };
		2A38D3FA2566BCD700432BED /* Preview Assets.xcassets */ = {isa = PBXFileReference; lastKnownFileType = folder.assetcatalog; path = "Preview Assets.xcassets"; sourceTree = "<group>"; };
		2A38D3FC2566BCD700432BED /* Info.plist */ = {isa = PBXFileReference; lastKnownFileType = text.plist.xml; path = Info.plist; sourceTree = "<group>"; };
		2AAFEE052566C1C90047246E /* ScannerVC.swift */ = {isa = PBXFileReference; lastKnownFileType = sourcecode.swift; path = ScannerVC.swift; sourceTree = "<group>"; };
		2AAFEE082566FE8B0047246E /* ScannerView.swift */ = {isa = PBXFileReference; lastKnownFileType = sourcecode.swift; path = ScannerView.swift; sourceTree = "<group>"; };
		2AAFEE0B256718360047246E /* Alert.swift */ = {isa = PBXFileReference; lastKnownFileType = sourcecode.swift; path = Alert.swift; sourceTree = "<group>"; };
		2AAFEE0E256718B30047246E /* BarcodeScannerViewModel.swift */ = {isa = PBXFileReference; lastKnownFileType = sourcecode.swift; path = BarcodeScannerViewModel.swift; sourceTree = "<group>"; };
/* End PBXFileReference section */

/* Begin PBXFrameworksBuildPhase section */
		2A38D3ED2566BCD400432BED /* Frameworks */ = {
			isa = PBXFrameworksBuildPhase;
			buildActionMask = 2147483647;
			files = (
			);
			runOnlyForDeploymentPostprocessing = 0;
		};
/* End PBXFrameworksBuildPhase section */

/* Begin PBXGroup section */
		2A38D3E72566BCD400432BED = {
			isa = PBXGroup;
			children = (
				2A38D3F22566BCD400432BED /* Barcode-Scanner */,
				2A38D3F12566BCD400432BED /* Products */,
			);
			sourceTree = "<group>";
		};
		2A38D3F12566BCD400432BED /* Products */ = {
			isa = PBXGroup;
			children = (
				2A38D3F02566BCD400432BED /* Barcode-Scanner.app */,
			);
			name = Products;
			sourceTree = "<group>";
		};
		2A38D3F22566BCD400432BED /* Barcode-Scanner */ = {
			isa = PBXGroup;
			children = (
				2AAFEE1525671DB50047246E /* Utilities */,
				2AAFEE1325671D500047246E /*  Views */,
				2AAFEE1125671CF60047246E /* Screens */,
				2A38D3F32566BCD400432BED /* Barcode_ScannerApp.swift */,
				2A38D3F72566BCD700432BED /* Assets.xcassets */,
				2A38D3FC2566BCD700432BED /* Info.plist */,
				2A38D3F92566BCD700432BED /* Preview Content */,
			);
			path = "Barcode-Scanner";
			sourceTree = "<group>";
		};
		2A38D3F92566BCD700432BED /* Preview Content */ = {
			isa = PBXGroup;
			children = (
				2A38D3FA2566BCD700432BED /* Preview Assets.xcassets */,
			);
			path = "Preview Content";
			sourceTree = "<group>";
		};
		2AAFEE1125671CF60047246E /* Screens */ = {
			isa = PBXGroup;
			children = (
				2AAFEE1225671D1D0047246E /* BarcodeScannner */,
				2A38D3F52566BCD400432BED /* BarcodeScannerView.swift */,
				2AAFEE0E256718B30047246E /* BarcodeScannerViewModel.swift */,
			);
			path = Screens;
			sourceTree = "<group>";
		};
		2AAFEE1225671D1D0047246E /* BarcodeScannner */ = {
			isa = PBXGroup;
			children = (
			);
			path = BarcodeScannner;
			sourceTree = "<group>";
		};
		2AAFEE1325671D500047246E /*  Views */ = {
			isa = PBXGroup;
			children = (
				2AAFEE1425671D720047246E /* UIKit Components */,
			);
			path = " Views";
			sourceTree = "<group>";
		};
		2AAFEE1425671D720047246E /* UIKit Components */ = {
			isa = PBXGroup;
			children = (
				2AAFEE082566FE8B0047246E /* ScannerView.swift */,
				2AAFEE052566C1C90047246E /* ScannerVC.swift */,
			);
			path = "UIKit Components";
			sourceTree = "<group>";
		};
		2AAFEE1525671DB50047246E /* Utilities */ = {
			isa = PBXGroup;
			children = (
				2AAFEE0B256718360047246E /* Alert.swift */,
			);
			path = Utilities;
			sourceTree = "<group>";
		};
/* End PBXGroup section */

/* Begin PBXNativeTarget section */
		2A38D3EF2566BCD400432BED /* Barcode-Scanner */ = {
			isa = PBXNativeTarget;
			buildConfigurationList = 2A38D3FF2566BCD700432BED /* Build configuration list for PBXNativeTarget "Barcode-Scanner" */;
			buildPhases = (
				2A38D3EC2566BCD400432BED /* Sources */,
				2A38D3ED2566BCD400432BED /* Frameworks */,
				2A38D3EE2566BCD400432BED /* Resources */,
			);
			buildRules = (
			);
			dependencies = (
			);
			name = "Barcode-Scanner";
			productName = "Barcode-Scanner";
			productReference = 2A38D3F02566BCD400432BED /* Barcode-Scanner.app */;
			productType = "com.apple.product-type.application";
		};
/* End PBXNativeTarget section */

/* Begin PBXProject section */
		2A38D3E82566BCD400432BED /* Project object */ = {
			isa = PBXProject;
			attributes = {
				LastSwiftUpdateCheck = 1220;
				LastUpgradeCheck = 1220;
				TargetAttributes = {
					2A38D3EF2566BCD400432BED = {
						CreatedOnToolsVersion = 12.2;
					};
				};
			};
			buildConfigurationList = 2A38D3EB2566BCD400432BED /* Build configuration list for PBXProject "Barcode-Scanner" */;
			compatibilityVersion = "Xcode 9.3";
			developmentRegion = en;
			hasScannedForEncodings = 0;
			knownRegions = (
				en,
				Base,
			);
			mainGroup = 2A38D3E72566BCD400432BED;
			productRefGroup = 2A38D3F12566BCD400432BED /* Products */;
			projectDirPath = "";
			projectRoot = "";
			targets = (
				2A38D3EF2566BCD400432BED /* Barcode-Scanner */,
			);
		};
/* End PBXProject section */

/* Begin PBXResourcesBuildPhase section */
		2A38D3EE2566BCD400432BED /* Resources */ = {
			isa = PBXResourcesBuildPhase;
			buildActionMask = 2147483647;
			files = (
				2A38D3FB2566BCD700432BED /* Preview Assets.xcassets in Resources */,
				2A38D3F82566BCD700432BED /* Assets.xcassets in Resources */,
			);
			runOnlyForDeploymentPostprocessing = 0;
		};
/* End PBXResourcesBuildPhase section */

/* Begin PBXSourcesBuildPhase section */
		2A38D3EC2566BCD400432BED /* Sources */ = {
			isa = PBXSourcesBuildPhase;
			buildActionMask = 2147483647;
			files = (
				2AAFEE0F256718B30047246E /* BarcodeScannerViewModel.swift in Sources */,
				2AAFEE062566C1C90047246E /* ScannerVC.swift in Sources */,
				2AAFEE092566FE8B0047246E /* ScannerView.swift in Sources */,
				2A38D3F62566BCD400432BED /* BarcodeScannerView.swift in Sources */,
				2AAFEE0C256718360047246E /* Alert.swift in Sources */,
				2A38D3F42566BCD400432BED /* Barcode_ScannerApp.swift in Sources */,
			);
			runOnlyForDeploymentPostprocessing = 0;
		};
/* End PBXSourcesBuildPhase section */

/* Begin XCBuildConfiguration section */
		2A38D3FD2566BCD700432BED /* Debug */ = {
			isa = XCBuildConfiguration;
			buildSettings = {
				ALWAYS_SEARCH_USER_PATHS = NO;
				CLANG_ANALYZER_NONNULL = YES;
				CLANG_ANALYZER_NUMBER_OBJECT_CONVERSION = YES_AGGRESSIVE;
				CLANG_CXX_LANGUAGE_STANDARD = "gnu++14";
				CLANG_CXX_LIBRARY = "libc++";
				CLANG_ENABLE_MODULES = YES;
				CLANG_ENABLE_OBJC_ARC = YES;
				CLANG_ENABLE_OBJC_WEAK = YES;
				CLANG_WARN_BLOCK_CAPTURE_AUTORELEASING = YES;
				CLANG_WARN_BOOL_CONVERSION = YES;
				CLANG_WARN_COMMA = YES;
				CLANG_WARN_CONSTANT_CONVERSION = YES;
				CLANG_WARN_DEPRECATED_OBJC_IMPLEMENTATIONS = YES;
				CLANG_WARN_DIRECT_OBJC_ISA_USAGE = YES_ERROR;
				CLANG_WARN_DOCUMENTATION_COMMENTS = YES;
				CLANG_WARN_EMPTY_BODY = YES;
				CLANG_WARN_ENUM_CONVERSION = YES;
				CLANG_WARN_INFINITE_RECURSION = YES;
				CLANG_WARN_INT_CONVERSION = YES;
				CLANG_WARN_NON_LITERAL_NULL_CONVERSION = YES;
				CLANG_WARN_OBJC_IMPLICIT_RETAIN_SELF = YES;
				CLANG_WARN_OBJC_LITERAL_CONVERSION = YES;
				CLANG_WARN_OBJC_ROOT_CLASS = YES_ERROR;
				CLANG_WARN_QUOTED_INCLUDE_IN_FRAMEWORK_HEADER = YES;
				CLANG_WARN_RANGE_LOOP_ANALYSIS = YES;
				CLANG_WARN_STRICT_PROTOTYPES = YES;
				CLANG_WARN_SUSPICIOUS_MOVE = YES;
				CLANG_WARN_UNGUARDED_AVAILABILITY = YES_AGGRESSIVE;
				CLANG_WARN_UNREACHABLE_CODE = YES;
				CLANG_WARN__DUPLICATE_METHOD_MATCH = YES;
				COPY_PHASE_STRIP = NO;
				DEBUG_INFORMATION_FORMAT = dwarf;
				ENABLE_STRICT_OBJC_MSGSEND = YES;
				ENABLE_TESTABILITY = YES;
				GCC_C_LANGUAGE_STANDARD = gnu11;
				GCC_DYNAMIC_NO_PIC = NO;
				GCC_NO_COMMON_BLOCKS = YES;
				GCC_OPTIMIZATION_LEVEL = 0;
				GCC_PREPROCESSOR_DEFINITIONS = (
					"DEBUG=1",
					"$(inherited)",
				);
				GCC_WARN_64_TO_32_BIT_CONVERSION = YES;
				GCC_WARN_ABOUT_RETURN_TYPE = YES_ERROR;
				GCC_WARN_UNDECLARED_SELECTOR = YES;
				GCC_WARN_UNINITIALIZED_AUTOS = YES_AGGRESSIVE;
				GCC_WARN_UNUSED_FUNCTION = YES;
				GCC_WARN_UNUSED_VARIABLE = YES;
				IPHONEOS_DEPLOYMENT_TARGET = 14.2;
				MTL_ENABLE_DEBUG_INFO = INCLUDE_SOURCE;
				MTL_FAST_MATH = YES;
				ONLY_ACTIVE_ARCH = YES;
				SDKROOT = iphoneos;
				SWIFT_ACTIVE_COMPILATION_CONDITIONS = DEBUG;
				SWIFT_OPTIMIZATION_LEVEL = "-Onone";
			};
			name = Debug;
		};
		2A38D3FE2566BCD700432BED /* Release */ = {
			isa = XCBuildConfiguration;
			buildSettings = {
				ALWAYS_SEARCH_USER_PATHS = NO;
				CLANG_ANALYZER_NONNULL = YES;
				CLANG_ANALYZER_NUMBER_OBJECT_CONVERSION = YES_AGGRESSIVE;
				CLANG_CXX_LANGUAGE_STANDARD = "gnu++14";
				CLANG_CXX_LIBRARY = "libc++";
				CLANG_ENABLE_MODULES = YES;
				CLANG_ENABLE_OBJC_ARC = YES;
				CLANG_ENABLE_OBJC_WEAK = YES;
				CLANG_WARN_BLOCK_CAPTURE_AUTORELEASING = YES;
				CLANG_WARN_BOOL_CONVERSION = YES;
				CLANG_WARN_COMMA = YES;
				CLANG_WARN_CONSTANT_CONVERSION = YES;
				CLANG_WARN_DEPRECATED_OBJC_IMPLEMENTATIONS = YES;
				CLANG_WARN_DIRECT_OBJC_ISA_USAGE = YES_ERROR;
				CLANG_WARN_DOCUMENTATION_COMMENTS = YES;
				CLANG_WARN_EMPTY_BODY = YES;
				CLANG_WARN_ENUM_CONVERSION = YES;
				CLANG_WARN_INFINITE_RECURSION = YES;
				CLANG_WARN_INT_CONVERSION = YES;
				CLANG_WARN_NON_LITERAL_NULL_CONVERSION = YES;
				CLANG_WARN_OBJC_IMPLICIT_RETAIN_SELF = YES;
				CLANG_WARN_OBJC_LITERAL_CONVERSION = YES;
				CLANG_WARN_OBJC_ROOT_CLASS = YES_ERROR;
				CLANG_WARN_QUOTED_INCLUDE_IN_FRAMEWORK_HEADER = YES;
				CLANG_WARN_RANGE_LOOP_ANALYSIS = YES;
				CLANG_WARN_STRICT_PROTOTYPES = YES;
				CLANG_WARN_SUSPICIOUS_MOVE = YES;
				CLANG_WARN_UNGUARDED_AVAILABILITY = YES_AGGRESSIVE;
				CLANG_WARN_UNREACHABLE_CODE = YES;
				CLANG_WARN__DUPLICATE_METHOD_MATCH = YES;
				COPY_PHASE_STRIP = NO;
				DEBUG_INFORMATION_FORMAT = "dwarf-with-dsym";
				ENABLE_NS_ASSERTIONS = NO;
				ENABLE_STRICT_OBJC_MSGSEND = YES;
				GCC_C_LANGUAGE_STANDARD = gnu11;
				GCC_NO_COMMON_BLOCKS = YES;
				GCC_WARN_64_TO_32_BIT_CONVERSION = YES;
				GCC_WARN_ABOUT_RETURN_TYPE = YES_ERROR;
				GCC_WARN_UNDECLARED_SELECTOR = YES;
				GCC_WARN_UNINITIALIZED_AUTOS = YES_AGGRESSIVE;
				GCC_WARN_UNUSED_FUNCTION = YES;
				GCC_WARN_UNUSED_VARIABLE = YES;
				IPHONEOS_DEPLOYMENT_TARGET = 14.2;
				MTL_ENABLE_DEBUG_INFO = NO;
				MTL_FAST_MATH = YES;
				SDKROOT = iphoneos;
				SWIFT_COMPILATION_MODE = wholemodule;
				SWIFT_OPTIMIZATION_LEVEL = "-O";
				VALIDATE_PRODUCT = YES;
			};
			name = Release;
		};
		2A38D4002566BCD700432BED /* Debug */ = {
			isa = XCBuildConfiguration;
			buildSettings = {
				ASSETCATALOG_COMPILER_APPICON_NAME = AppIcon;
				ASSETCATALOG_COMPILER_GLOBAL_ACCENT_COLOR_NAME = AccentColor;
				CODE_SIGN_STYLE = Automatic;
				DEVELOPMENT_ASSET_PATHS = "\"Barcode-Scanner/Preview Content\"";
				DEVELOPMENT_TEAM = 74A4PQ6426;
				ENABLE_PREVIEWS = YES;
				INFOPLIST_FILE = "Barcode-Scanner/Info.plist";
				IPHONEOS_DEPLOYMENT_TARGET = 14.0;
				LD_RUNPATH_SEARCH_PATHS = (
					"$(inherited)",
					"@executable_path/Frameworks",
				);
				PRODUCT_BUNDLE_IDENTIFIER = "com.Potashnik.Barcode-Scanner";
				PRODUCT_NAME = "$(TARGET_NAME)";
				SWIFT_VERSION = 5.0;
				TARGETED_DEVICE_FAMILY = "1,2";
			};
			name = Debug;
		};
		2A38D4012566BCD700432BED /* Release */ = {
			isa = XCBuildConfiguration;
			buildSettings = {
				ASSETCATALOG_COMPILER_APPICON_NAME = AppIcon;
				ASSETCATALOG_COMPILER_GLOBAL_ACCENT_COLOR_NAME = AccentColor;
				CODE_SIGN_STYLE = Automatic;
				DEVELOPMENT_ASSET_PATHS = "\"Barcode-Scanner/Preview Content\"";
				DEVELOPMENT_TEAM = 74A4PQ6426;
				ENABLE_PREVIEWS = YES;
				INFOPLIST_FILE = "Barcode-Scanner/Info.plist";
				IPHONEOS_DEPLOYMENT_TARGET = 14.0;
				LD_RUNPATH_SEARCH_PATHS = (
					"$(inherited)",
					"@executable_path/Frameworks",
				);
				PRODUCT_BUNDLE_IDENTIFIER = "com.Potashnik.Barcode-Scanner";
				PRODUCT_NAME = "$(TARGET_NAME)";
				SWIFT_VERSION = 5.0;
				TARGETED_DEVICE_FAMILY = "1,2";
			};
			name = Release;
		};
/* End XCBuildConfiguration section */

/* Begin XCConfigurationList section */
		2A38D3EB2566BCD400432BED /* Build configuration list for PBXProject "Barcode-Scanner" */ = {
			isa = XCConfigurationList;
			buildConfigurations = (
				2A38D3FD2566BCD700432BED /* Debug */,
				2A38D3FE2566BCD700432BED /* Release */,
			);
			defaultConfigurationIsVisible = 0;
			defaultConfigurationName = Release;
		};
		2A38D3FF2566BCD700432BED /* Build configuration list for PBXNativeTarget "Barcode-Scanner" */ = {
			isa = XCConfigurationList;
			buildConfigurations = (
				2A38D4002566BCD700432BED /* Debug */,
				2A38D4012566BCD700432BED /* Release */,
			);
			defaultConfigurationIsVisible = 0;
			defaultConfigurationName = Release;
		};
/* End XCConfigurationList section */
	};
	rootObject = 2A38D3E82566BCD400432BED /* Project object */;
}
